
Microsoft Visual Studio Solution File, Format Version 12.00
# Visual Studio Version 16
VisualStudioVersion = 16.0.29519.181
MinimumVisualStudioVersion = 10.0.40219.1
Project("{FAE04EC0-301F-11D3-BF4B-00C04F79EFBC}") = "DB2", "DB2\DB2.csproj", "{848F99EF-CBA6-4732-9899-70B626393564}"
EndProject
Global
	GlobalSection(SolutionConfigurationPlatforms) = preSolution
		Debug|Any CPU = Debug|Any CPU
		Release|Any CPU = Release|Any CPU
	EndGlobalSection
	GlobalSection(ProjectConfigurationPlatforms) = postSolution
		{848F99EF-CBA6-4732-9899-70B626393564}.Debug|Any CPU.ActiveCfg = Debug|Any CPU
		{848F99EF-CBA6-4732-9899-70B626393564}.Debug|Any CPU.Build.0 = Debug|Any CPU
		{848F99EF-CBA6-4732-9899-70B626393564}.Release|Any CPU.ActiveCfg = Release|Any CPU
		{848F99EF-CBA6-4732-9899-70B626393564}.Release|Any CPU.Build.0 = Release|Any CPU
	EndGlobalSection
	GlobalSection(SolutionProperties) = preSolution
		HideSolutionNode = FALSE
	EndGlobalSection
	GlobalSection(ExtensibilityGlobals) = postSolution
		SolutionGuid = {76CACB6A-19E3-496D-96F1-91C193AF916D}
	EndGlobalSection
EndGlobal
